
Microsoft Visual Studio Solution File, Format Version 12.00
# Visual Studio Version 16
VisualStudioVersion = 16.0.29215.179
MinimumVisualStudioVersion = 10.0.40219.1
Project("{9A19103F-16F7-4668-BE54-9A1E7A4F7556}") = "FreshMvvm", "FreshMvvm\FreshMvvm.csproj", "{ACBA1111-2C39-4126-B60A-51EE9D0C734B}"
EndProject
Project("{2150E333-8FDC-42A3-9474-1A3956D46DE8}") = "Solution Items", "Solution Items", "{7C3C4F2E-ECEF-4984-853C-88D1C71AD185}"
	ProjectSection(SolutionItems) = preProject
		FreshMvvm.sln = FreshMvvm.sln
	EndProjectSection
EndProject
Project("{FAE04EC0-301F-11D3-BF4B-00C04F79EFBC}") = "FreshMvvm.Tests", "FreshMvvm.Tests\FreshMvvm.Tests.csproj", "{6344C1A9-FF3B-43BB-B8AE-4F89B4BC2075}"
EndProject
Project("{9A19103F-16F7-4668-BE54-9A1E7A4F7556}") = "FreshTinyIoC", "FreshIOC\FreshTinyIoC.csproj", "{2204DDAA-DACA-4084-B81C-42AD38685C6F}"
EndProject
Project("{9A19103F-16F7-4668-BE54-9A1E7A4F7556}") = "TestApp", "TestApp\TestApp\TestApp.csproj", "{711DF27B-07AC-43A9-8416-23A2455BEDE4}"
EndProject
Project("{2150E333-8FDC-42A3-9474-1A3956D46DE8}") = "DemoApp", "DemoApp", "{D6B1C40A-4C8E-47A2-AE63-B428212E3DC8}"
EndProject
Project("{FAE04EC0-301F-11D3-BF4B-00C04F79EFBC}") = "TestApp.Android", "TestApp\TestApp.Android\TestApp.Android.csproj", "{08D31953-E5D5-448A-B14D-CF109265F7D2}"
EndProject
Project("{FAE04EC0-301F-11D3-BF4B-00C04F79EFBC}") = "TestApp.iOS", "TestApp\TestApp.iOS\TestApp.iOS.csproj", "{06C84A4D-CA68-4B13-8A5A-8C3578AE255C}"
EndProject
Project("{FAE04EC0-301F-11D3-BF4B-00C04F79EFBC}") = "TestApp.UWP", "TestApp\TestApp.UWP\TestApp.UWP.csproj", "{4D0FC450-1431-471F-8E18-786B31ACEA95}"
EndProject
Global
	GlobalSection(SolutionConfigurationPlatforms) = preSolution
		Ad-Hoc|Any CPU = Ad-Hoc|Any CPU
		Ad-Hoc|ARM = Ad-Hoc|ARM
		Ad-Hoc|iPhone = Ad-Hoc|iPhone
		Ad-Hoc|iPhoneSimulator = Ad-Hoc|iPhoneSimulator
		Ad-Hoc|x64 = Ad-Hoc|x64
		Ad-Hoc|x86 = Ad-Hoc|x86
		AppStore|Any CPU = AppStore|Any CPU
		AppStore|ARM = AppStore|ARM
		AppStore|iPhone = AppStore|iPhone
		AppStore|iPhoneSimulator = AppStore|iPhoneSimulator
		AppStore|x64 = AppStore|x64
		AppStore|x86 = AppStore|x86
		Debug|Any CPU = Debug|Any CPU
		Debug|ARM = Debug|ARM
		Debug|iPhone = Debug|iPhone
		Debug|iPhoneSimulator = Debug|iPhoneSimulator
		Debug|x64 = Debug|x64
		Debug|x86 = Debug|x86
		Release|Any CPU = Release|Any CPU
		Release|ARM = Release|ARM
		Release|iPhone = Release|iPhone
		Release|iPhoneSimulator = Release|iPhoneSimulator
		Release|x64 = Release|x64
		Release|x86 = Release|x86
	EndGlobalSection
	GlobalSection(ProjectConfigurationPlatforms) = postSolution
		{ACBA1111-2C39-4126-B60A-51EE9D0C734B}.Ad-Hoc|Any CPU.ActiveCfg = Release|Any CPU
		{ACBA1111-2C39-4126-B60A-51EE9D0C734B}.Ad-Hoc|ARM.ActiveCfg = Release|Any CPU
		{ACBA1111-2C39-4126-B60A-51EE9D0C734B}.Ad-Hoc|ARM.Build.0 = Release|Any CPU
		{ACBA1111-2C39-4126-B60A-51EE9D0C734B}.Ad-Hoc|iPhone.ActiveCfg = Debug|Any CPU
		{ACBA1111-2C39-4126-B60A-51EE9D0C734B}.Ad-Hoc|iPhone.Build.0 = Debug|Any CPU
		{ACBA1111-2C39-4126-B60A-51EE9D0C734B}.Ad-Hoc|iPhoneSimulator.ActiveCfg = Release|Any CPU
		{ACBA1111-2C39-4126-B60A-51EE9D0C734B}.Ad-Hoc|x64.ActiveCfg = Release|Any CPU
		{ACBA1111-2C39-4126-B60A-51EE9D0C734B}.Ad-Hoc|x64.Build.0 = Release|Any CPU
		{ACBA1111-2C39-4126-B60A-51EE9D0C734B}.Ad-Hoc|x86.ActiveCfg = Release|Any CPU
		{ACBA1111-2C39-4126-B60A-51EE9D0C734B}.Ad-Hoc|x86.Build.0 = Release|Any CPU
		{ACBA1111-2C39-4126-B60A-51EE9D0C734B}.AppStore|Any CPU.ActiveCfg = Release|Any CPU
		{ACBA1111-2C39-4126-B60A-51EE9D0C734B}.AppStore|ARM.ActiveCfg = Release|Any CPU
		{ACBA1111-2C39-4126-B60A-51EE9D0C734B}.AppStore|ARM.Build.0 = Release|Any CPU
		{ACBA1111-2C39-4126-B60A-51EE9D0C734B}.AppStore|iPhone.ActiveCfg = Debug|Any CPU
		{ACBA1111-2C39-4126-B60A-51EE9D0C734B}.AppStore|iPhone.Build.0 = Debug|Any CPU
		{ACBA1111-2C39-4126-B60A-51EE9D0C734B}.AppStore|iPhoneSimulator.ActiveCfg = Release|Any CPU
		{ACBA1111-2C39-4126-B60A-51EE9D0C734B}.AppStore|x64.ActiveCfg = Release|Any CPU
		{ACBA1111-2C39-4126-B60A-51EE9D0C734B}.AppStore|x64.Build.0 = Release|Any CPU
		{ACBA1111-2C39-4126-B60A-51EE9D0C734B}.AppStore|x86.ActiveCfg = Release|Any CPU
		{ACBA1111-2C39-4126-B60A-51EE9D0C734B}.AppStore|x86.Build.0 = Release|Any CPU
		{ACBA1111-2C39-4126-B60A-51EE9D0C734B}.Debug|Any CPU.ActiveCfg = Debug|Any CPU
		{ACBA1111-2C39-4126-B60A-51EE9D0C734B}.Debug|Any CPU.Build.0 = Debug|Any CPU
		{ACBA1111-2C39-4126-B60A-51EE9D0C734B}.Debug|ARM.ActiveCfg = Debug|Any CPU
		{ACBA1111-2C39-4126-B60A-51EE9D0C734B}.Debug|ARM.Build.0 = Debug|Any CPU
		{ACBA1111-2C39-4126-B60A-51EE9D0C734B}.Debug|iPhone.ActiveCfg = Debug|Any CPU
		{ACBA1111-2C39-4126-B60A-51EE9D0C734B}.Debug|iPhone.Build.0 = Debug|Any CPU
		{ACBA1111-2C39-4126-B60A-51EE9D0C734B}.Debug|iPhoneSimulator.ActiveCfg = Debug|Any CPU
		{ACBA1111-2C39-4126-B60A-51EE9D0C734B}.Debug|iPhoneSimulator.Build.0 = Debug|Any CPU
		{ACBA1111-2C39-4126-B60A-51EE9D0C734B}.Debug|x64.ActiveCfg = Debug|Any CPU
		{ACBA1111-2C39-4126-B60A-51EE9D0C734B}.Debug|x64.Build.0 = Debug|Any CPU
		{ACBA1111-2C39-4126-B60A-51EE9D0C734B}.Debug|x86.ActiveCfg = Debug|Any CPU
		{ACBA1111-2C39-4126-B60A-51EE9D0C734B}.Debug|x86.Build.0 = Debug|Any CPU
		{ACBA1111-2C39-4126-B60A-51EE9D0C734B}.Release|Any CPU.ActiveCfg = Release|Any CPU
		{ACBA1111-2C39-4126-B60A-51EE9D0C734B}.Release|Any CPU.Build.0 = Release|Any CPU
		{ACBA1111-2C39-4126-B60A-51EE9D0C734B}.Release|ARM.ActiveCfg = Release|Any CPU
		{ACBA1111-2C39-4126-B60A-51EE9D0C734B}.Release|ARM.Build.0 = Release|Any CPU
		{ACBA1111-2C39-4126-B60A-51EE9D0C734B}.Release|iPhone.ActiveCfg = Release|Any CPU
		{ACBA1111-2C39-4126-B60A-51EE9D0C734B}.Release|iPhone.Build.0 = Release|Any CPU
		{ACBA1111-2C39-4126-B60A-51EE9D0C734B}.Release|iPhoneSimulator.ActiveCfg = Release|Any CPU
		{ACBA1111-2C39-4126-B60A-51EE9D0C734B}.Release|iPhoneSimulator.Build.0 = Release|Any CPU
		{ACBA1111-2C39-4126-B60A-51EE9D0C734B}.Release|x64.ActiveCfg = Release|Any CPU
		{ACBA1111-2C39-4126-B60A-51EE9D0C734B}.Release|x64.Build.0 = Release|Any CPU
		{ACBA1111-2C39-4126-B60A-51EE9D0C734B}.Release|x86.ActiveCfg = Release|Any CPU
		{ACBA1111-2C39-4126-B60A-51EE9D0C734B}.Release|x86.Build.0 = Release|Any CPU
		{6344C1A9-FF3B-43BB-B8AE-4F89B4BC2075}.Ad-Hoc|Any CPU.ActiveCfg = Release|Any CPU
		{6344C1A9-FF3B-43BB-B8AE-4F89B4BC2075}.Ad-Hoc|ARM.ActiveCfg = Release|Any CPU
		{6344C1A9-FF3B-43BB-B8AE-4F89B4BC2075}.Ad-Hoc|ARM.Build.0 = Release|Any CPU
		{6344C1A9-FF3B-43BB-B8AE-4F89B4BC2075}.Ad-Hoc|iPhone.ActiveCfg = Debug|Any CPU
		{6344C1A9-FF3B-43BB-B8AE-4F89B4BC2075}.Ad-Hoc|iPhone.Build.0 = Debug|Any CPU
		{6344C1A9-FF3B-43BB-B8AE-4F89B4BC2075}.Ad-Hoc|iPhoneSimulator.ActiveCfg = Release|Any CPU
		{6344C1A9-FF3B-43BB-B8AE-4F89B4BC2075}.Ad-Hoc|x64.ActiveCfg = Release|Any CPU
		{6344C1A9-FF3B-43BB-B8AE-4F89B4BC2075}.Ad-Hoc|x64.Build.0 = Release|Any CPU
		{6344C1A9-FF3B-43BB-B8AE-4F89B4BC2075}.Ad-Hoc|x86.ActiveCfg = Release|Any CPU
		{6344C1A9-FF3B-43BB-B8AE-4F89B4BC2075}.Ad-Hoc|x86.Build.0 = Release|Any CPU
		{6344C1A9-FF3B-43BB-B8AE-4F89B4BC2075}.AppStore|Any CPU.ActiveCfg = Release|Any CPU
		{6344C1A9-FF3B-43BB-B8AE-4F89B4BC2075}.AppStore|ARM.ActiveCfg = Release|Any CPU
		{6344C1A9-FF3B-43BB-B8AE-4F89B4BC2075}.AppStore|ARM.Build.0 = Release|Any CPU
		{6344C1A9-FF3B-43BB-B8AE-4F89B4BC2075}.AppStore|iPhone.ActiveCfg = Debug|Any CPU
		{6344C1A9-FF3B-43BB-B8AE-4F89B4BC2075}.AppStore|iPhone.Build.0 = Debug|Any CPU
		{6344C1A9-FF3B-43BB-B8AE-4F89B4BC2075}.AppStore|iPhoneSimulator.ActiveCfg = Release|Any CPU
		{6344C1A9-FF3B-43BB-B8AE-4F89B4BC2075}.AppStore|x64.ActiveCfg = Release|Any CPU
		{6344C1A9-FF3B-43BB-B8AE-4F89B4BC2075}.AppStore|x64.Build.0 = Release|Any CPU
		{6344C1A9-FF3B-43BB-B8AE-4F89B4BC2075}.AppStore|x86.ActiveCfg = Release|Any CPU
		{6344C1A9-FF3B-43BB-B8AE-4F89B4BC2075}.AppStore|x86.Build.0 = Release|Any CPU
		{6344C1A9-FF3B-43BB-B8AE-4F89B4BC2075}.Debug|Any CPU.ActiveCfg = Debug|Any CPU
		{6344C1A9-FF3B-43BB-B8AE-4F89B4BC2075}.Debug|Any CPU.Build.0 = Debug|Any CPU
		{6344C1A9-FF3B-43BB-B8AE-4F89B4BC2075}.Debug|ARM.ActiveCfg = Debug|Any CPU
		{6344C1A9-FF3B-43BB-B8AE-4F89B4BC2075}.Debug|iPhone.ActiveCfg = Debug|Any CPU
		{6344C1A9-FF3B-43BB-B8AE-4F89B4BC2075}.Debug|iPhone.Build.0 = Debug|Any CPU
		{6344C1A9-FF3B-43BB-B8AE-4F89B4BC2075}.Debug|iPhoneSimulator.ActiveCfg = Debug|Any CPU
		{6344C1A9-FF3B-43BB-B8AE-4F89B4BC2075}.Debug|iPhoneSimulator.Build.0 = Debug|Any CPU
		{6344C1A9-FF3B-43BB-B8AE-4F89B4BC2075}.Debug|x64.ActiveCfg = Debug|Any CPU
		{6344C1A9-FF3B-43BB-B8AE-4F89B4BC2075}.Debug|x64.Build.0 = Debug|Any CPU
		{6344C1A9-FF3B-43BB-B8AE-4F89B4BC2075}.Debug|x86.ActiveCfg = Debug|Any CPU
		{6344C1A9-FF3B-43BB-B8AE-4F89B4BC2075}.Debug|x86.Build.0 = Debug|Any CPU
		{6344C1A9-FF3B-43BB-B8AE-4F89B4BC2075}.Release|Any CPU.ActiveCfg = Release|Any CPU
		{6344C1A9-FF3B-43BB-B8AE-4F89B4BC2075}.Release|ARM.ActiveCfg = Release|Any CPU
		{6344C1A9-FF3B-43BB-B8AE-4F89B4BC2075}.Release|ARM.Build.0 = Release|Any CPU
		{6344C1A9-FF3B-43BB-B8AE-4F89B4BC2075}.Release|iPhone.ActiveCfg = Release|Any CPU
		{6344C1A9-FF3B-43BB-B8AE-4F89B4BC2075}.Release|iPhone.Build.0 = Release|Any CPU
		{6344C1A9-FF3B-43BB-B8AE-4F89B4BC2075}.Release|iPhoneSimulator.ActiveCfg = Release|Any CPU
		{6344C1A9-FF3B-43BB-B8AE-4F89B4BC2075}.Release|iPhoneSimulator.Build.0 = Release|Any CPU
		{6344C1A9-FF3B-43BB-B8AE-4F89B4BC2075}.Release|x64.ActiveCfg = Release|Any CPU
		{6344C1A9-FF3B-43BB-B8AE-4F89B4BC2075}.Release|x64.Build.0 = Release|Any CPU
		{6344C1A9-FF3B-43BB-B8AE-4F89B4BC2075}.Release|x86.ActiveCfg = Release|Any CPU
		{6344C1A9-FF3B-43BB-B8AE-4F89B4BC2075}.Release|x86.Build.0 = Release|Any CPU
		{2204DDAA-DACA-4084-B81C-42AD38685C6F}.Ad-Hoc|Any CPU.ActiveCfg = Debug|Any CPU
		{2204DDAA-DACA-4084-B81C-42AD38685C6F}.Ad-Hoc|Any CPU.Build.0 = Debug|Any CPU
		{2204DDAA-DACA-4084-B81C-42AD38685C6F}.Ad-Hoc|ARM.ActiveCfg = Debug|Any CPU
		{2204DDAA-DACA-4084-B81C-42AD38685C6F}.Ad-Hoc|ARM.Build.0 = Debug|Any CPU
		{2204DDAA-DACA-4084-B81C-42AD38685C6F}.Ad-Hoc|iPhone.ActiveCfg = Debug|Any CPU
		{2204DDAA-DACA-4084-B81C-42AD38685C6F}.Ad-Hoc|iPhone.Build.0 = Debug|Any CPU
		{2204DDAA-DACA-4084-B81C-42AD38685C6F}.Ad-Hoc|iPhoneSimulator.ActiveCfg = Debug|Any CPU
		{2204DDAA-DACA-4084-B81C-42AD38685C6F}.Ad-Hoc|iPhoneSimulator.Build.0 = Debug|Any CPU
		{2204DDAA-DACA-4084-B81C-42AD38685C6F}.Ad-Hoc|x64.ActiveCfg = Debug|Any CPU
		{2204DDAA-DACA-4084-B81C-42AD38685C6F}.Ad-Hoc|x64.Build.0 = Debug|Any CPU
		{2204DDAA-DACA-4084-B81C-42AD38685C6F}.Ad-Hoc|x86.ActiveCfg = Debug|Any CPU
		{2204DDAA-DACA-4084-B81C-42AD38685C6F}.Ad-Hoc|x86.Build.0 = Debug|Any CPU
		{2204DDAA-DACA-4084-B81C-42AD38685C6F}.AppStore|Any CPU.ActiveCfg = Debug|Any CPU
		{2204DDAA-DACA-4084-B81C-42AD38685C6F}.AppStore|Any CPU.Build.0 = Debug|Any CPU
		{2204DDAA-DACA-4084-B81C-42AD38685C6F}.AppStore|ARM.ActiveCfg = Debug|Any CPU
		{2204DDAA-DACA-4084-B81C-42AD38685C6F}.AppStore|ARM.Build.0 = Debug|Any CPU
		{2204DDAA-DACA-4084-B81C-42AD38685C6F}.AppStore|iPhone.ActiveCfg = Debug|Any CPU
		{2204DDAA-DACA-4084-B81C-42AD38685C6F}.AppStore|iPhone.Build.0 = Debug|Any CPU
		{2204DDAA-DACA-4084-B81C-42AD38685C6F}.AppStore|iPhoneSimulator.ActiveCfg = Debug|Any CPU
		{2204DDAA-DACA-4084-B81C-42AD38685C6F}.AppStore|iPhoneSimulator.Build.0 = Debug|Any CPU
		{2204DDAA-DACA-4084-B81C-42AD38685C6F}.AppStore|x64.ActiveCfg = Debug|Any CPU
		{2204DDAA-DACA-4084-B81C-42AD38685C6F}.AppStore|x64.Build.0 = Debug|Any CPU
		{2204DDAA-DACA-4084-B81C-42AD38685C6F}.AppStore|x86.ActiveCfg = Debug|Any CPU
		{2204DDAA-DACA-4084-B81C-42AD38685C6F}.AppStore|x86.Build.0 = Debug|Any CPU
		{2204DDAA-DACA-4084-B81C-42AD38685C6F}.Debug|Any CPU.ActiveCfg = Debug|Any CPU
		{2204DDAA-DACA-4084-B81C-42AD38685C6F}.Debug|Any CPU.Build.0 = Debug|Any CPU
		{2204DDAA-DACA-4084-B81C-42AD38685C6F}.Debug|ARM.ActiveCfg = Debug|Any CPU
		{2204DDAA-DACA-4084-B81C-42AD38685C6F}.Debug|ARM.Build.0 = Debug|Any CPU
		{2204DDAA-DACA-4084-B81C-42AD38685C6F}.Debug|iPhone.ActiveCfg = Debug|Any CPU
		{2204DDAA-DACA-4084-B81C-42AD38685C6F}.Debug|iPhone.Build.0 = Debug|Any CPU
		{2204DDAA-DACA-4084-B81C-42AD38685C6F}.Debug|iPhoneSimulator.ActiveCfg = Debug|Any CPU
		{2204DDAA-DACA-4084-B81C-42AD38685C6F}.Debug|iPhoneSimulator.Build.0 = Debug|Any CPU
		{2204DDAA-DACA-4084-B81C-42AD38685C6F}.Debug|x64.ActiveCfg = Debug|Any CPU
		{2204DDAA-DACA-4084-B81C-42AD38685C6F}.Debug|x64.Build.0 = Debug|Any CPU
		{2204DDAA-DACA-4084-B81C-42AD38685C6F}.Debug|x86.ActiveCfg = Debug|Any CPU
		{2204DDAA-DACA-4084-B81C-42AD38685C6F}.Debug|x86.Build.0 = Debug|Any CPU
		{2204DDAA-DACA-4084-B81C-42AD38685C6F}.Release|Any CPU.ActiveCfg = Release|Any CPU
		{2204DDAA-DACA-4084-B81C-42AD38685C6F}.Release|Any CPU.Build.0 = Release|Any CPU
		{2204DDAA-DACA-4084-B81C-42AD38685C6F}.Release|ARM.ActiveCfg = Release|Any CPU
		{2204DDAA-DACA-4084-B81C-42AD38685C6F}.Release|ARM.Build.0 = Release|Any CPU
		{2204DDAA-DACA-4084-B81C-42AD38685C6F}.Release|iPhone.ActiveCfg = Release|Any CPU
		{2204DDAA-DACA-4084-B81C-42AD38685C6F}.Release|iPhone.Build.0 = Release|Any CPU
		{2204DDAA-DACA-4084-B81C-42AD38685C6F}.Release|iPhoneSimulator.ActiveCfg = Release|Any CPU
		{2204DDAA-DACA-4084-B81C-42AD38685C6F}.Release|iPhoneSimulator.Build.0 = Release|Any CPU
		{2204DDAA-DACA-4084-B81C-42AD38685C6F}.Release|x64.ActiveCfg = Release|Any CPU
		{2204DDAA-DACA-4084-B81C-42AD38685C6F}.Release|x64.Build.0 = Release|Any CPU
		{2204DDAA-DACA-4084-B81C-42AD38685C6F}.Release|x86.ActiveCfg = Release|Any CPU
		{2204DDAA-DACA-4084-B81C-42AD38685C6F}.Release|x86.Build.0 = Release|Any CPU
		{711DF27B-07AC-43A9-8416-23A2455BEDE4}.Ad-Hoc|Any CPU.ActiveCfg = Debug|Any CPU
		{711DF27B-07AC-43A9-8416-23A2455BEDE4}.Ad-Hoc|Any CPU.Build.0 = Debug|Any CPU
		{711DF27B-07AC-43A9-8416-23A2455BEDE4}.Ad-Hoc|ARM.ActiveCfg = Debug|Any CPU
		{711DF27B-07AC-43A9-8416-23A2455BEDE4}.Ad-Hoc|ARM.Build.0 = Debug|Any CPU
		{711DF27B-07AC-43A9-8416-23A2455BEDE4}.Ad-Hoc|iPhone.ActiveCfg = Debug|Any CPU
		{711DF27B-07AC-43A9-8416-23A2455BEDE4}.Ad-Hoc|iPhone.Build.0 = Debug|Any CPU
		{711DF27B-07AC-43A9-8416-23A2455BEDE4}.Ad-Hoc|iPhoneSimulator.ActiveCfg = Debug|Any CPU
		{711DF27B-07AC-43A9-8416-23A2455BEDE4}.Ad-Hoc|iPhoneSimulator.Build.0 = Debug|Any CPU
		{711DF27B-07AC-43A9-8416-23A2455BEDE4}.Ad-Hoc|x64.ActiveCfg = Debug|Any CPU
		{711DF27B-07AC-43A9-8416-23A2455BEDE4}.Ad-Hoc|x64.Build.0 = Debug|Any CPU
		{711DF27B-07AC-43A9-8416-23A2455BEDE4}.Ad-Hoc|x86.ActiveCfg = Debug|Any CPU
		{711DF27B-07AC-43A9-8416-23A2455BEDE4}.Ad-Hoc|x86.Build.0 = Debug|Any CPU
		{711DF27B-07AC-43A9-8416-23A2455BEDE4}.AppStore|Any CPU.ActiveCfg = Debug|Any CPU
		{711DF27B-07AC-43A9-8416-23A2455BEDE4}.AppStore|Any CPU.Build.0 = Debug|Any CPU
		{711DF27B-07AC-43A9-8416-23A2455BEDE4}.AppStore|ARM.ActiveCfg = Debug|Any CPU
		{711DF27B-07AC-43A9-8416-23A2455BEDE4}.AppStore|ARM.Build.0 = Debug|Any CPU
		{711DF27B-07AC-43A9-8416-23A2455BEDE4}.AppStore|iPhone.ActiveCfg = Debug|Any CPU
		{711DF27B-07AC-43A9-8416-23A2455BEDE4}.AppStore|iPhone.Build.0 = Debug|Any CPU
		{711DF27B-07AC-43A9-8416-23A2455BEDE4}.AppStore|iPhoneSimulator.ActiveCfg = Debug|Any CPU
		{711DF27B-07AC-43A9-8416-23A2455BEDE4}.AppStore|iPhoneSimulator.Build.0 = Debug|Any CPU
		{711DF27B-07AC-43A9-8416-23A2455BEDE4}.AppStore|x64.ActiveCfg = Debug|Any CPU
		{711DF27B-07AC-43A9-8416-23A2455BEDE4}.AppStore|x64.Build.0 = Debug|Any CPU
		{711DF27B-07AC-43A9-8416-23A2455BEDE4}.AppStore|x86.ActiveCfg = Debug|Any CPU
		{711DF27B-07AC-43A9-8416-23A2455BEDE4}.AppStore|x86.Build.0 = Debug|Any CPU
		{711DF27B-07AC-43A9-8416-23A2455BEDE4}.Debug|Any CPU.ActiveCfg = Debug|Any CPU
		{711DF27B-07AC-43A9-8416-23A2455BEDE4}.Debug|Any CPU.Build.0 = Debug|Any CPU
		{711DF27B-07AC-43A9-8416-23A2455BEDE4}.Debug|ARM.ActiveCfg = Debug|Any CPU
		{711DF27B-07AC-43A9-8416-23A2455BEDE4}.Debug|ARM.Build.0 = Debug|Any CPU
		{711DF27B-07AC-43A9-8416-23A2455BEDE4}.Debug|iPhone.ActiveCfg = Debug|Any CPU
		{711DF27B-07AC-43A9-8416-23A2455BEDE4}.Debug|iPhone.Build.0 = Debug|Any CPU
		{711DF27B-07AC-43A9-8416-23A2455BEDE4}.Debug|iPhoneSimulator.ActiveCfg = Debug|Any CPU
		{711DF27B-07AC-43A9-8416-23A2455BEDE4}.Debug|iPhoneSimulator.Build.0 = Debug|Any CPU
		{711DF27B-07AC-43A9-8416-23A2455BEDE4}.Debug|x64.ActiveCfg = Debug|Any CPU
		{711DF27B-07AC-43A9-8416-23A2455BEDE4}.Debug|x64.Build.0 = Debug|Any CPU
		{711DF27B-07AC-43A9-8416-23A2455BEDE4}.Debug|x86.ActiveCfg = Debug|Any CPU
		{711DF27B-07AC-43A9-8416-23A2455BEDE4}.Debug|x86.Build.0 = Debug|Any CPU
		{711DF27B-07AC-43A9-8416-23A2455BEDE4}.Release|Any CPU.ActiveCfg = Release|Any CPU
		{711DF27B-07AC-43A9-8416-23A2455BEDE4}.Release|Any CPU.Build.0 = Release|Any CPU
		{711DF27B-07AC-43A9-8416-23A2455BEDE4}.Release|ARM.ActiveCfg = Release|Any CPU
		{711DF27B-07AC-43A9-8416-23A2455BEDE4}.Release|ARM.Build.0 = Release|Any CPU
		{711DF27B-07AC-43A9-8416-23A2455BEDE4}.Release|iPhone.ActiveCfg = Release|Any CPU
		{711DF27B-07AC-43A9-8416-23A2455BEDE4}.Release|iPhone.Build.0 = Release|Any CPU
		{711DF27B-07AC-43A9-8416-23A2455BEDE4}.Release|iPhoneSimulator.ActiveCfg = Release|Any CPU
		{711DF27B-07AC-43A9-8416-23A2455BEDE4}.Release|iPhoneSimulator.Build.0 = Release|Any CPU
		{711DF27B-07AC-43A9-8416-23A2455BEDE4}.Release|x64.ActiveCfg = Release|Any CPU
		{711DF27B-07AC-43A9-8416-23A2455BEDE4}.Release|x64.Build.0 = Release|Any CPU
		{711DF27B-07AC-43A9-8416-23A2455BEDE4}.Release|x86.ActiveCfg = Release|Any CPU
		{711DF27B-07AC-43A9-8416-23A2455BEDE4}.Release|x86.Build.0 = Release|Any CPU
		{08D31953-E5D5-448A-B14D-CF109265F7D2}.Ad-Hoc|Any CPU.ActiveCfg = Debug|Any CPU
		{08D31953-E5D5-448A-B14D-CF109265F7D2}.Ad-Hoc|Any CPU.Build.0 = Debug|Any CPU
		{08D31953-E5D5-448A-B14D-CF109265F7D2}.Ad-Hoc|Any CPU.Deploy.0 = Debug|Any CPU
		{08D31953-E5D5-448A-B14D-CF109265F7D2}.Ad-Hoc|ARM.ActiveCfg = Debug|Any CPU
		{08D31953-E5D5-448A-B14D-CF109265F7D2}.Ad-Hoc|ARM.Build.0 = Debug|Any CPU
		{08D31953-E5D5-448A-B14D-CF109265F7D2}.Ad-Hoc|ARM.Deploy.0 = Debug|Any CPU
		{08D31953-E5D5-448A-B14D-CF109265F7D2}.Ad-Hoc|iPhone.ActiveCfg = Debug|Any CPU
		{08D31953-E5D5-448A-B14D-CF109265F7D2}.Ad-Hoc|iPhone.Build.0 = Debug|Any CPU
		{08D31953-E5D5-448A-B14D-CF109265F7D2}.Ad-Hoc|iPhone.Deploy.0 = Debug|Any CPU
		{08D31953-E5D5-448A-B14D-CF109265F7D2}.Ad-Hoc|iPhoneSimulator.ActiveCfg = Debug|Any CPU
		{08D31953-E5D5-448A-B14D-CF109265F7D2}.Ad-Hoc|iPhoneSimulator.Build.0 = Debug|Any CPU
		{08D31953-E5D5-448A-B14D-CF109265F7D2}.Ad-Hoc|iPhoneSimulator.Deploy.0 = Debug|Any CPU
		{08D31953-E5D5-448A-B14D-CF109265F7D2}.Ad-Hoc|x64.ActiveCfg = Debug|Any CPU
		{08D31953-E5D5-448A-B14D-CF109265F7D2}.Ad-Hoc|x64.Build.0 = Debug|Any CPU
		{08D31953-E5D5-448A-B14D-CF109265F7D2}.Ad-Hoc|x64.Deploy.0 = Debug|Any CPU
		{08D31953-E5D5-448A-B14D-CF109265F7D2}.Ad-Hoc|x86.ActiveCfg = Debug|Any CPU
		{08D31953-E5D5-448A-B14D-CF109265F7D2}.Ad-Hoc|x86.Build.0 = Debug|Any CPU
		{08D31953-E5D5-448A-B14D-CF109265F7D2}.Ad-Hoc|x86.Deploy.0 = Debug|Any CPU
		{08D31953-E5D5-448A-B14D-CF109265F7D2}.AppStore|Any CPU.ActiveCfg = Debug|Any CPU
		{08D31953-E5D5-448A-B14D-CF109265F7D2}.AppStore|Any CPU.Build.0 = Debug|Any CPU
		{08D31953-E5D5-448A-B14D-CF109265F7D2}.AppStore|Any CPU.Deploy.0 = Debug|Any CPU
		{08D31953-E5D5-448A-B14D-CF109265F7D2}.AppStore|ARM.ActiveCfg = Debug|Any CPU
		{08D31953-E5D5-448A-B14D-CF109265F7D2}.AppStore|ARM.Build.0 = Debug|Any CPU
		{08D31953-E5D5-448A-B14D-CF109265F7D2}.AppStore|ARM.Deploy.0 = Debug|Any CPU
		{08D31953-E5D5-448A-B14D-CF109265F7D2}.AppStore|iPhone.ActiveCfg = Debug|Any CPU
		{08D31953-E5D5-448A-B14D-CF109265F7D2}.AppStore|iPhone.Build.0 = Debug|Any CPU
		{08D31953-E5D5-448A-B14D-CF109265F7D2}.AppStore|iPhone.Deploy.0 = Debug|Any CPU
		{08D31953-E5D5-448A-B14D-CF109265F7D2}.AppStore|iPhoneSimulator.ActiveCfg = Debug|Any CPU
		{08D31953-E5D5-448A-B14D-CF109265F7D2}.AppStore|iPhoneSimulator.Build.0 = Debug|Any CPU
		{08D31953-E5D5-448A-B14D-CF109265F7D2}.AppStore|iPhoneSimulator.Deploy.0 = Debug|Any CPU
		{08D31953-E5D5-448A-B14D-CF109265F7D2}.AppStore|x64.ActiveCfg = Debug|Any CPU
		{08D31953-E5D5-448A-B14D-CF109265F7D2}.AppStore|x64.Build.0 = Debug|Any CPU
		{08D31953-E5D5-448A-B14D-CF109265F7D2}.AppStore|x64.Deploy.0 = Debug|Any CPU
		{08D31953-E5D5-448A-B14D-CF109265F7D2}.AppStore|x86.ActiveCfg = Debug|Any CPU
		{08D31953-E5D5-448A-B14D-CF109265F7D2}.AppStore|x86.Build.0 = Debug|Any CPU
		{08D31953-E5D5-448A-B14D-CF109265F7D2}.AppStore|x86.Deploy.0 = Debug|Any CPU
		{08D31953-E5D5-448A-B14D-CF109265F7D2}.Debug|Any CPU.ActiveCfg = Debug|Any CPU
		{08D31953-E5D5-448A-B14D-CF109265F7D2}.Debug|Any CPU.Build.0 = Debug|Any CPU
		{08D31953-E5D5-448A-B14D-CF109265F7D2}.Debug|Any CPU.Deploy.0 = Debug|Any CPU
		{08D31953-E5D5-448A-B14D-CF109265F7D2}.Debug|ARM.ActiveCfg = Debug|Any CPU
		{08D31953-E5D5-448A-B14D-CF109265F7D2}.Debug|ARM.Build.0 = Debug|Any CPU
		{08D31953-E5D5-448A-B14D-CF109265F7D2}.Debug|ARM.Deploy.0 = Debug|Any CPU
		{08D31953-E5D5-448A-B14D-CF109265F7D2}.Debug|iPhone.ActiveCfg = Debug|Any CPU
		{08D31953-E5D5-448A-B14D-CF109265F7D2}.Debug|iPhone.Build.0 = Debug|Any CPU
		{08D31953-E5D5-448A-B14D-CF109265F7D2}.Debug|iPhone.Deploy.0 = Debug|Any CPU
		{08D31953-E5D5-448A-B14D-CF109265F7D2}.Debug|iPhoneSimulator.ActiveCfg = Debug|Any CPU
		{08D31953-E5D5-448A-B14D-CF109265F7D2}.Debug|iPhoneSimulator.Build.0 = Debug|Any CPU
		{08D31953-E5D5-448A-B14D-CF109265F7D2}.Debug|iPhoneSimulator.Deploy.0 = Debug|Any CPU
		{08D31953-E5D5-448A-B14D-CF109265F7D2}.Debug|x64.ActiveCfg = Debug|Any CPU
		{08D31953-E5D5-448A-B14D-CF109265F7D2}.Debug|x64.Build.0 = Debug|Any CPU
		{08D31953-E5D5-448A-B14D-CF109265F7D2}.Debug|x64.Deploy.0 = Debug|Any CPU
		{08D31953-E5D5-448A-B14D-CF109265F7D2}.Debug|x86.ActiveCfg = Debug|Any CPU
		{08D31953-E5D5-448A-B14D-CF109265F7D2}.Debug|x86.Build.0 = Debug|Any CPU
		{08D31953-E5D5-448A-B14D-CF109265F7D2}.Debug|x86.Deploy.0 = Debug|Any CPU
		{08D31953-E5D5-448A-B14D-CF109265F7D2}.Release|Any CPU.ActiveCfg = Release|Any CPU
		{08D31953-E5D5-448A-B14D-CF109265F7D2}.Release|Any CPU.Build.0 = Release|Any CPU
		{08D31953-E5D5-448A-B14D-CF109265F7D2}.Release|Any CPU.Deploy.0 = Release|Any CPU
		{08D31953-E5D5-448A-B14D-CF109265F7D2}.Release|ARM.ActiveCfg = Release|Any CPU
		{08D31953-E5D5-448A-B14D-CF109265F7D2}.Release|ARM.Build.0 = Release|Any CPU
		{08D31953-E5D5-448A-B14D-CF109265F7D2}.Release|ARM.Deploy.0 = Release|Any CPU
		{08D31953-E5D5-448A-B14D-CF109265F7D2}.Release|iPhone.ActiveCfg = Release|Any CPU
		{08D31953-E5D5-448A-B14D-CF109265F7D2}.Release|iPhone.Build.0 = Release|Any CPU
		{08D31953-E5D5-448A-B14D-CF109265F7D2}.Release|iPhone.Deploy.0 = Release|Any CPU
		{08D31953-E5D5-448A-B14D-CF109265F7D2}.Release|iPhoneSimulator.ActiveCfg = Release|Any CPU
		{08D31953-E5D5-448A-B14D-CF109265F7D2}.Release|iPhoneSimulator.Build.0 = Release|Any CPU
		{08D31953-E5D5-448A-B14D-CF109265F7D2}.Release|iPhoneSimulator.Deploy.0 = Release|Any CPU
		{08D31953-E5D5-448A-B14D-CF109265F7D2}.Release|x64.ActiveCfg = Release|Any CPU
		{08D31953-E5D5-448A-B14D-CF109265F7D2}.Release|x64.Build.0 = Release|Any CPU
		{08D31953-E5D5-448A-B14D-CF109265F7D2}.Release|x64.Deploy.0 = Release|Any CPU
		{08D31953-E5D5-448A-B14D-CF109265F7D2}.Release|x86.ActiveCfg = Release|Any CPU
		{08D31953-E5D5-448A-B14D-CF109265F7D2}.Release|x86.Build.0 = Release|Any CPU
		{08D31953-E5D5-448A-B14D-CF109265F7D2}.Release|x86.Deploy.0 = Release|Any CPU
		{06C84A4D-CA68-4B13-8A5A-8C3578AE255C}.Ad-Hoc|Any CPU.ActiveCfg = Debug|iPhoneSimulator
		{06C84A4D-CA68-4B13-8A5A-8C3578AE255C}.Ad-Hoc|Any CPU.Build.0 = Debug|iPhoneSimulator
		{06C84A4D-CA68-4B13-8A5A-8C3578AE255C}.Ad-Hoc|ARM.ActiveCfg = Debug|iPhoneSimulator
		{06C84A4D-CA68-4B13-8A5A-8C3578AE255C}.Ad-Hoc|ARM.Build.0 = Debug|iPhoneSimulator
		{06C84A4D-CA68-4B13-8A5A-8C3578AE255C}.Ad-Hoc|iPhone.ActiveCfg = Debug|iPhone
		{06C84A4D-CA68-4B13-8A5A-8C3578AE255C}.Ad-Hoc|iPhone.Build.0 = Debug|iPhone
		{06C84A4D-CA68-4B13-8A5A-8C3578AE255C}.Ad-Hoc|iPhoneSimulator.ActiveCfg = Debug|iPhoneSimulator
		{06C84A4D-CA68-4B13-8A5A-8C3578AE255C}.Ad-Hoc|iPhoneSimulator.Build.0 = Debug|iPhoneSimulator
		{06C84A4D-CA68-4B13-8A5A-8C3578AE255C}.Ad-Hoc|x64.ActiveCfg = Debug|iPhoneSimulator
		{06C84A4D-CA68-4B13-8A5A-8C3578AE255C}.Ad-Hoc|x64.Build.0 = Debug|iPhoneSimulator
		{06C84A4D-CA68-4B13-8A5A-8C3578AE255C}.Ad-Hoc|x86.ActiveCfg = Debug|iPhoneSimulator
		{06C84A4D-CA68-4B13-8A5A-8C3578AE255C}.Ad-Hoc|x86.Build.0 = Debug|iPhoneSimulator
		{06C84A4D-CA68-4B13-8A5A-8C3578AE255C}.AppStore|Any CPU.ActiveCfg = Debug|iPhoneSimulator
		{06C84A4D-CA68-4B13-8A5A-8C3578AE255C}.AppStore|Any CPU.Build.0 = Debug|iPhoneSimulator
		{06C84A4D-CA68-4B13-8A5A-8C3578AE255C}.AppStore|ARM.ActiveCfg = Debug|iPhoneSimulator
		{06C84A4D-CA68-4B13-8A5A-8C3578AE255C}.AppStore|ARM.Build.0 = Debug|iPhoneSimulator
		{06C84A4D-CA68-4B13-8A5A-8C3578AE255C}.AppStore|iPhone.ActiveCfg = Debug|iPhone
		{06C84A4D-CA68-4B13-8A5A-8C3578AE255C}.AppStore|iPhone.Build.0 = Debug|iPhone
		{06C84A4D-CA68-4B13-8A5A-8C3578AE255C}.AppStore|iPhoneSimulator.ActiveCfg = Debug|iPhoneSimulator
		{06C84A4D-CA68-4B13-8A5A-8C3578AE255C}.AppStore|iPhoneSimulator.Build.0 = Debug|iPhoneSimulator
		{06C84A4D-CA68-4B13-8A5A-8C3578AE255C}.AppStore|x64.ActiveCfg = Debug|iPhoneSimulator
		{06C84A4D-CA68-4B13-8A5A-8C3578AE255C}.AppStore|x64.Build.0 = Debug|iPhoneSimulator
		{06C84A4D-CA68-4B13-8A5A-8C3578AE255C}.AppStore|x86.ActiveCfg = Debug|iPhoneSimulator
		{06C84A4D-CA68-4B13-8A5A-8C3578AE255C}.AppStore|x86.Build.0 = Debug|iPhoneSimulator
		{06C84A4D-CA68-4B13-8A5A-8C3578AE255C}.Debug|Any CPU.ActiveCfg = Debug|iPhoneSimulator
		{06C84A4D-CA68-4B13-8A5A-8C3578AE255C}.Debug|ARM.ActiveCfg = Debug|iPhoneSimulator
		{06C84A4D-CA68-4B13-8A5A-8C3578AE255C}.Debug|iPhone.ActiveCfg = Debug|iPhone
		{06C84A4D-CA68-4B13-8A5A-8C3578AE255C}.Debug|iPhone.Build.0 = Debug|iPhone
		{06C84A4D-CA68-4B13-8A5A-8C3578AE255C}.Debug|iPhoneSimulator.ActiveCfg = Debug|iPhoneSimulator
		{06C84A4D-CA68-4B13-8A5A-8C3578AE255C}.Debug|iPhoneSimulator.Build.0 = Debug|iPhoneSimulator
		{06C84A4D-CA68-4B13-8A5A-8C3578AE255C}.Debug|x64.ActiveCfg = Debug|iPhoneSimulator
		{06C84A4D-CA68-4B13-8A5A-8C3578AE255C}.Debug|x86.ActiveCfg = Debug|iPhoneSimulator
		{06C84A4D-CA68-4B13-8A5A-8C3578AE255C}.Release|Any CPU.ActiveCfg = Release|iPhoneSimulator
		{06C84A4D-CA68-4B13-8A5A-8C3578AE255C}.Release|ARM.ActiveCfg = Release|iPhoneSimulator
		{06C84A4D-CA68-4B13-8A5A-8C3578AE255C}.Release|iPhone.ActiveCfg = Release|iPhone
		{06C84A4D-CA68-4B13-8A5A-8C3578AE255C}.Release|iPhone.Build.0 = Release|iPhone
		{06C84A4D-CA68-4B13-8A5A-8C3578AE255C}.Release|iPhoneSimulator.ActiveCfg = Release|iPhoneSimulator
		{06C84A4D-CA68-4B13-8A5A-8C3578AE255C}.Release|iPhoneSimulator.Build.0 = Release|iPhoneSimulator
		{06C84A4D-CA68-4B13-8A5A-8C3578AE255C}.Release|x64.ActiveCfg = Release|iPhoneSimulator
		{06C84A4D-CA68-4B13-8A5A-8C3578AE255C}.Release|x86.ActiveCfg = Release|iPhoneSimulator
		{4D0FC450-1431-471F-8E18-786B31ACEA95}.Ad-Hoc|Any CPU.ActiveCfg = Debug|ARM
		{4D0FC450-1431-471F-8E18-786B31ACEA95}.Ad-Hoc|Any CPU.Build.0 = Debug|ARM
		{4D0FC450-1431-471F-8E18-786B31ACEA95}.Ad-Hoc|Any CPU.Deploy.0 = Debug|ARM
		{4D0FC450-1431-471F-8E18-786B31ACEA95}.Ad-Hoc|ARM.ActiveCfg = Debug|ARM
		{4D0FC450-1431-471F-8E18-786B31ACEA95}.Ad-Hoc|ARM.Build.0 = Debug|ARM
		{4D0FC450-1431-471F-8E18-786B31ACEA95}.Ad-Hoc|ARM.Deploy.0 = Debug|ARM
		{4D0FC450-1431-471F-8E18-786B31ACEA95}.Ad-Hoc|iPhone.ActiveCfg = Debug|ARM
		{4D0FC450-1431-471F-8E18-786B31ACEA95}.Ad-Hoc|iPhone.Build.0 = Debug|ARM
		{4D0FC450-1431-471F-8E18-786B31ACEA95}.Ad-Hoc|iPhone.Deploy.0 = Debug|ARM
		{4D0FC450-1431-471F-8E18-786B31ACEA95}.Ad-Hoc|iPhoneSimulator.ActiveCfg = Debug|ARM
		{4D0FC450-1431-471F-8E18-786B31ACEA95}.Ad-Hoc|iPhoneSimulator.Build.0 = Debug|ARM
		{4D0FC450-1431-471F-8E18-786B31ACEA95}.Ad-Hoc|iPhoneSimulator.Deploy.0 = Debug|ARM
		{4D0FC450-1431-471F-8E18-786B31ACEA95}.Ad-Hoc|x64.ActiveCfg = Debug|x64
		{4D0FC450-1431-471F-8E18-786B31ACEA95}.Ad-Hoc|x64.Build.0 = Debug|x64
		{4D0FC450-1431-471F-8E18-786B31ACEA95}.Ad-Hoc|x64.Deploy.0 = Debug|x64
		{4D0FC450-1431-471F-8E18-786B31ACEA95}.Ad-Hoc|x86.ActiveCfg = Debug|x86
		{4D0FC450-1431-471F-8E18-786B31ACEA95}.Ad-Hoc|x86.Build.0 = Debug|x86
		{4D0FC450-1431-471F-8E18-786B31ACEA95}.Ad-Hoc|x86.Deploy.0 = Debug|x86
		{4D0FC450-1431-471F-8E18-786B31ACEA95}.AppStore|Any CPU.ActiveCfg = Debug|ARM
		{4D0FC450-1431-471F-8E18-786B31ACEA95}.AppStore|Any CPU.Build.0 = Debug|ARM
		{4D0FC450-1431-471F-8E18-786B31ACEA95}.AppStore|Any CPU.Deploy.0 = Debug|ARM
		{4D0FC450-1431-471F-8E18-786B31ACEA95}.AppStore|ARM.ActiveCfg = Debug|ARM
		{4D0FC450-1431-471F-8E18-786B31ACEA95}.AppStore|ARM.Build.0 = Debug|ARM
		{4D0FC450-1431-471F-8E18-786B31ACEA95}.AppStore|ARM.Deploy.0 = Debug|ARM
		{4D0FC450-1431-471F-8E18-786B31ACEA95}.AppStore|iPhone.ActiveCfg = Debug|ARM
		{4D0FC450-1431-471F-8E18-786B31ACEA95}.AppStore|iPhone.Build.0 = Debug|ARM
		{4D0FC450-1431-471F-8E18-786B31ACEA95}.AppStore|iPhone.Deploy.0 = Debug|ARM
		{4D0FC450-1431-471F-8E18-786B31ACEA95}.AppStore|iPhoneSimulator.ActiveCfg = Debug|ARM
		{4D0FC450-1431-471F-8E18-786B31ACEA95}.AppStore|iPhoneSimulator.Build.0 = Debug|ARM
		{4D0FC450-1431-471F-8E18-786B31ACEA95}.AppStore|iPhoneSimulator.Deploy.0 = Debug|ARM
		{4D0FC450-1431-471F-8E18-786B31ACEA95}.AppStore|x64.ActiveCfg = Debug|x64
		{4D0FC450-1431-471F-8E18-786B31ACEA95}.AppStore|x64.Build.0 = Debug|x64
		{4D0FC450-1431-471F-8E18-786B31ACEA95}.AppStore|x64.Deploy.0 = Debug|x64
		{4D0FC450-1431-471F-8E18-786B31ACEA95}.AppStore|x86.ActiveCfg = Debug|x86
		{4D0FC450-1431-471F-8E18-786B31ACEA95}.AppStore|x86.Build.0 = Debug|x86
		{4D0FC450-1431-471F-8E18-786B31ACEA95}.AppStore|x86.Deploy.0 = Debug|x86
		{4D0FC450-1431-471F-8E18-786B31ACEA95}.Debug|Any CPU.ActiveCfg = Debug|x86
		{4D0FC450-1431-471F-8E18-786B31ACEA95}.Debug|ARM.ActiveCfg = Debug|ARM
		{4D0FC450-1431-471F-8E18-786B31ACEA95}.Debug|ARM.Build.0 = Debug|ARM
		{4D0FC450-1431-471F-8E18-786B31ACEA95}.Debug|ARM.Deploy.0 = Debug|ARM
		{4D0FC450-1431-471F-8E18-786B31ACEA95}.Debug|iPhone.ActiveCfg = Debug|x86
		{4D0FC450-1431-471F-8E18-786B31ACEA95}.Debug|iPhoneSimulator.ActiveCfg = Debug|x86
		{4D0FC450-1431-471F-8E18-786B31ACEA95}.Debug|x64.ActiveCfg = Debug|x64
		{4D0FC450-1431-471F-8E18-786B31ACEA95}.Debug|x64.Build.0 = Debug|x64
		{4D0FC450-1431-471F-8E18-786B31ACEA95}.Debug|x64.Deploy.0 = Debug|x64
		{4D0FC450-1431-471F-8E18-786B31ACEA95}.Debug|x86.ActiveCfg = Debug|x86
		{4D0FC450-1431-471F-8E18-786B31ACEA95}.Debug|x86.Build.0 = Debug|x86
		{4D0FC450-1431-471F-8E18-786B31ACEA95}.Debug|x86.Deploy.0 = Debug|x86
		{4D0FC450-1431-471F-8E18-786B31ACEA95}.Release|Any CPU.ActiveCfg = Release|x86
		{4D0FC450-1431-471F-8E18-786B31ACEA95}.Release|ARM.ActiveCfg = Release|ARM
		{4D0FC450-1431-471F-8E18-786B31ACEA95}.Release|ARM.Build.0 = Release|ARM
		{4D0FC450-1431-471F-8E18-786B31ACEA95}.Release|ARM.Deploy.0 = Release|ARM
		{4D0FC450-1431-471F-8E18-786B31ACEA95}.Release|iPhone.ActiveCfg = Release|x86
		{4D0FC450-1431-471F-8E18-786B31ACEA95}.Release|iPhoneSimulator.ActiveCfg = Release|x86
		{4D0FC450-1431-471F-8E18-786B31ACEA95}.Release|x64.ActiveCfg = Release|x64
		{4D0FC450-1431-471F-8E18-786B31ACEA95}.Release|x64.Build.0 = Release|x64
		{4D0FC450-1431-471F-8E18-786B31ACEA95}.Release|x64.Deploy.0 = Release|x64
		{4D0FC450-1431-471F-8E18-786B31ACEA95}.Release|x86.ActiveCfg = Release|x86
		{4D0FC450-1431-471F-8E18-786B31ACEA95}.Release|x86.Build.0 = Release|x86
		{4D0FC450-1431-471F-8E18-786B31ACEA95}.Release|x86.Deploy.0 = Release|x86
	EndGlobalSection
	GlobalSection(SolutionProperties) = preSolution
		HideSolutionNode = FALSE
	EndGlobalSection
	GlobalSection(NestedProjects) = preSolution
		{711DF27B-07AC-43A9-8416-23A2455BEDE4} = {D6B1C40A-4C8E-47A2-AE63-B428212E3DC8}
		{08D31953-E5D5-448A-B14D-CF109265F7D2} = {D6B1C40A-4C8E-47A2-AE63-B428212E3DC8}
		{06C84A4D-CA68-4B13-8A5A-8C3578AE255C} = {D6B1C40A-4C8E-47A2-AE63-B428212E3DC8}
		{4D0FC450-1431-471F-8E18-786B31ACEA95} = {D6B1C40A-4C8E-47A2-AE63-B428212E3DC8}
	EndGlobalSection
	GlobalSection(ExtensibilityGlobals) = postSolution
		SolutionGuid = {84CB6B83-A513-4F6F-B68B-07860DF69CAB}
	EndGlobalSection
	GlobalSection(MonoDevelopProperties) = preSolution
		version = 2.2.0
	EndGlobalSection
EndGlobal
